
Microsoft Visual Studio Solution File, Format Version 12.00
# Visual Studio Version 16
VisualStudioVersion = 16.0.30907.101
MinimumVisualStudioVersion = 10.0.40219.1
Project("{8BC9CEB8-8B4A-11D0-8D11-00A0C91BC942}") = "TCE", "TCE\TCE.vcxproj", "{08B53F4B-423D-486F-B0B5-FFA4B8DF9613}"
EndProject
Global
	GlobalSection(SolutionConfigurationPlatforms) = preSolution
		Debug|x64 = Debug|x64
		Debug|x86 = Debug|x86
		Release|x64 = Release|x64
		Release|x86 = Release|x86
	EndGlobalSection
	GlobalSection(ProjectConfigurationPlatforms) = postSolution
		{08B53F4B-423D-486F-B0B5-FFA4B8DF9613}.Debug|x64.ActiveCfg = Debug|x64
		{08B53F4B-423D-486F-B0B5-FFA4B8DF9613}.Debug|x64.Build.0 = Debug|x64
		{08B53F4B-423D-486F-B0B5-FFA4B8DF9613}.Debug|x86.ActiveCfg = Debug|Win32
		{08B53F4B-423D-486F-B0B5-FFA4B8DF9613}.Debug|x86.Build.0 = Debug|Win32
		{08B53F4B-423D-486F-B0B5-FFA4B8DF9613}.Release|x64.ActiveCfg = Release|x64
		{08B53F4B-423D-486F-B0B5-FFA4B8DF9613}.Release|x64.Build.0 = Release|x64
		{08B53F4B-423D-486F-B0B5-FFA4B8DF9613}.Release|x86.ActiveCfg = Release|Win32
		{08B53F4B-423D-486F-B0B5-FFA4B8DF9613}.Release|x86.Build.0 = Release|Win32
	EndGlobalSection
	GlobalSection(SolutionProperties) = preSolution
		HideSolutionNode = FALSE
	EndGlobalSection
	GlobalSection(ExtensibilityGlobals) = postSolution
		SolutionGuid = {AD1AF26B-0741-43D2-9870-1ACE79489F84}
	EndGlobalSection
EndGlobal
